
Microsoft Visual Studio Solution File, Format Version 12.00
# Visual Studio Version 16
VisualStudioVersion = 16.0.30621.155
MinimumVisualStudioVersion = 10.0.40219.1
Project("{FAE04EC0-301F-11D3-BF4B-00C04F79EFBC}") = "LabSixcs", "LabSixcs\LabSixcs.csproj", "{61277B02-AA83-4CBD-B364-90DD6048349C}"
EndProject
Project("{FAE04EC0-301F-11D3-BF4B-00C04F79EFBC}") = "LabSix_", "LabSix_\LabSix_.csproj", "{BA28D69F-2568-48CE-932C-4CDD7714F463}"
EndProject
Global
	GlobalSection(SolutionConfigurationPlatforms) = preSolution
		Debug|Any CPU = Debug|Any CPU
		Release|Any CPU = Release|Any CPU
	EndGlobalSection
	GlobalSection(ProjectConfigurationPlatforms) = postSolution
		{61277B02-AA83-4CBD-B364-90DD6048349C}.Debug|Any CPU.ActiveCfg = Debug|Any CPU
		{61277B02-AA83-4CBD-B364-90DD6048349C}.Debug|Any CPU.Build.0 = Debug|Any CPU
		{61277B02-AA83-4CBD-B364-90DD6048349C}.Release|Any CPU.ActiveCfg = Release|Any CPU
		{61277B02-AA83-4CBD-B364-90DD6048349C}.Release|Any CPU.Build.0 = Release|Any CPU
		{BA28D69F-2568-48CE-932C-4CDD7714F463}.Debug|Any CPU.ActiveCfg = Debug|Any CPU
		{BA28D69F-2568-48CE-932C-4CDD7714F463}.Debug|Any CPU.Build.0 = Debug|Any CPU
		{BA28D69F-2568-48CE-932C-4CDD7714F463}.Release|Any CPU.ActiveCfg = Release|Any CPU
		{BA28D69F-2568-48CE-932C-4CDD7714F463}.Release|Any CPU.Build.0 = Release|Any CPU
	EndGlobalSection
	GlobalSection(SolutionProperties) = preSolution
		HideSolutionNode = FALSE
	EndGlobalSection
	GlobalSection(ExtensibilityGlobals) = postSolution
		SolutionGuid = {3B3D5040-9B15-475C-9673-F5FB5BA21302}
	EndGlobalSection
EndGlobal
